
Microsoft Visual Studio Solution File, Format Version 12.00
# Visual Studio 15
VisualStudioVersion = 15.0.28307.645
MinimumVisualStudioVersion = 10.0.40219.1
Project("{8BC9CEB8-8B4A-11D0-8D11-00A0C91BC942}") = "mmwavelink_sflash_example", "mmwavelink_sflash_example.vcxproj", "{7DDA6FE1-D2A0-4810-B686-A3F0ED42A114}"
	ProjectSection(ProjectDependencies) = postProject
		{86884692-D405-4D66-8A11-F40D583E065C} = {86884692-D405-4D66-8A11-F40D583E065C}
	EndProjectSection
EndProject
Project("{8BC9CEB8-8B4A-11D0-8D11-00A0C91BC942}") = "mmwavelink", "..\..\control\mmwavelink\vs\mmwavelink.vcxproj", "{86884692-D405-4D66-8A11-F40D583E065C}"
EndProject
Project("{2150E333-8FDC-42A3-9474-1A3956D46DE8}") = "Solution Items", "Solution Items", "{98E345E8-4AF7-40D8-9F31-FADF04843DA1}"
EndProject
Global
	GlobalSection(SolutionConfigurationPlatforms) = preSolution
		Customer|Win32 = Customer|Win32
		Debug|Win32 = Debug|Win32
		Release|Win32 = Release|Win32
		simulation|Win32 = simulation|Win32
	EndGlobalSection
	GlobalSection(ProjectConfigurationPlatforms) = postSolution
		{7DDA6FE1-D2A0-4810-B686-A3F0ED42A114}.Customer|Win32.ActiveCfg = Release|Win32
		{7DDA6FE1-D2A0-4810-B686-A3F0ED42A114}.Customer|Win32.Build.0 = Release|Win32
		{7DDA6FE1-D2A0-4810-B686-A3F0ED42A114}.Debug|Win32.ActiveCfg = Debug|Win32
		{7DDA6FE1-D2A0-4810-B686-A3F0ED42A114}.Debug|Win32.Build.0 = Debug|Win32
		{7DDA6FE1-D2A0-4810-B686-A3F0ED42A114}.Release|Win32.ActiveCfg = Release|Win32
		{7DDA6FE1-D2A0-4810-B686-A3F0ED42A114}.Release|Win32.Build.0 = Release|Win32
		{7DDA6FE1-D2A0-4810-B686-A3F0ED42A114}.simulation|Win32.ActiveCfg = Release|Win32
		{7DDA6FE1-D2A0-4810-B686-A3F0ED42A114}.simulation|Win32.Build.0 = Release|Win32
		{86884692-D405-4D66-8A11-F40D583E065C}.Customer|Win32.ActiveCfg = simulation|Win32
		{86884692-D405-4D66-8A11-F40D583E065C}.Customer|Win32.Build.0 = simulation|Win32
		{86884692-D405-4D66-8A11-F40D583E065C}.Debug|Win32.ActiveCfg = Debug|Win32
		{86884692-D405-4D66-8A11-F40D583E065C}.Debug|Win32.Build.0 = Debug|Win32
		{86884692-D405-4D66-8A11-F40D583E065C}.Release|Win32.ActiveCfg = Release|Win32
		{86884692-D405-4D66-8A11-F40D583E065C}.Release|Win32.Build.0 = Release|Win32
		{86884692-D405-4D66-8A11-F40D583E065C}.simulation|Win32.ActiveCfg = simulation|Win32
		{86884692-D405-4D66-8A11-F40D583E065C}.simulation|Win32.Build.0 = simulation|Win32
	EndGlobalSection
	GlobalSection(SolutionProperties) = preSolution
		HideSolutionNode = FALSE
	EndGlobalSection
	GlobalSection(ExtensibilityGlobals) = postSolution
		SolutionGuid = {3EBC3E02-4EFC-4FEF-A258-BF2A277F3ECE}
	EndGlobalSection
EndGlobal
